
Microsoft Visual Studio Solution File, Format Version 12.00
# Visual Studio Version 16
VisualStudioVersion = 16.0.31911.196
MinimumVisualStudioVersion = 10.0.40219.1
Project("{FAE04EC0-301F-11D3-BF4B-00C04F79EFBC}") = "TodoApp.Api", "TodoApp.Api\TodoApp.Api.csproj", "{98D867FA-7A90-4485-B082-68F3653F8D38}"
EndProject
Global
	GlobalSection(SolutionConfigurationPlatforms) = preSolution
		Debug|Any CPU = Debug|Any CPU
		Release|Any CPU = Release|Any CPU
	EndGlobalSection
	GlobalSection(ProjectConfigurationPlatforms) = postSolution
		{98D867FA-7A90-4485-B082-68F3653F8D38}.Debug|Any CPU.ActiveCfg = Debug|Any CPU
		{98D867FA-7A90-4485-B082-68F3653F8D38}.Debug|Any CPU.Build.0 = Debug|Any CPU
		{98D867FA-7A90-4485-B082-68F3653F8D38}.Release|Any CPU.ActiveCfg = Release|Any CPU
		{98D867FA-7A90-4485-B082-68F3653F8D38}.Release|Any CPU.Build.0 = Release|Any CPU
	EndGlobalSection
	GlobalSection(SolutionProperties) = preSolution
		HideSolutionNode = FALSE
	EndGlobalSection
	GlobalSection(ExtensibilityGlobals) = postSolution
		SolutionGuid = {BBFFE487-F90A-40E4-A68F-B53238425AB0}
	EndGlobalSection
EndGlobal
